# This file is automatically @generated by Cargo.
# It is not intended for manual editing.
version = 3

[[package]]
name = "lance_creator"
version = "0.1.0"
dependencies = [
 "sorted-vec",
]

[[package]]
name = "sorted-vec"
version = "0.8.2"
source = "registry+https://github.com/rust-lang/crates.io-index"
checksum = "f0047b8207660638866f228b4b4147e98cc8efb190a70cd63d5cb899a4a539a8"
